{
  "originHash" : "147eb0f3d54f57754c5a6488f364f24c44f42c09209456e8a04cd7fcd52b2c35",
  "pins" : [
    {
      "identity" : "ravelin-3ds-sdk-ios-xcframework-distribution",
      "kind" : "remoteSourceControl",
      "location" : "https://github.com/unravelin/ravelin-3ds-sdk-ios-xcframework-distribution",
      "state" : {
        "revision" : "ce36b54849409895b021c187862d88a294c5430e",
        "version" : "1.1.2"
      }
    }
  ],
  "version" : 3
}
